// !$*UTF8*$!
{
	archiveVersion = 1;
	classes = {
	};
	objectVersion = 46;
	objects = {

/* Begin PBXBuildFile section */
		6F0674D01981561500C5EED0 /* DocCollectionViewController.swift in Sources */ = {isa = PBXBuildFile; fileRef = 6F0674CF1981561500C5EED0 /* DocCollectionViewController.swift */; };
		6F0B3E3D1978F25D006DB765 /* ICloudManager.swift in Sources */ = {isa = PBXBuildFile; fileRef = 6F0B3E3C1978F25D006DB765 /* ICloudManager.swift */; };
		6F0B3E3F1978FA59006DB765 /* DocumentsManager.swift in Sources */ = {isa = PBXBuildFile; fileRef = 6F0B3E3E1978FA59006DB765 /* DocumentsManager.swift */; };
		6F0B3E43197925FE006DB765 /* TextEditorViewController.swift in Sources */ = {isa = PBXBuildFile; fileRef = 6F0B3E42197925FE006DB765 /* TextEditorViewController.swift */; };
		6F0BCB0519751AEF0016852A /* AppDelegate.swift in Sources */ = {isa = PBXBuildFile; fileRef = 6F0BCB0419751AEF0016852A /* AppDelegate.swift */; };
		6F0BCB0719751AEF0016852A /* Images.xcassets in Resources */ = {isa = PBXBuildFile; fileRef = 6F0BCB0619751AEF0016852A /* Images.xcassets */; };
		6F0BCB1319751AEF0016852A /* TakeTests.swift in Sources */ = {isa = PBXBuildFile; fileRef = 6F0BCB1219751AEF0016852A /* TakeTests.swift */; };
		6F0BCB1D19751B380016852A /* AutoLayoutHelper.swift in Sources */ = {isa = PBXBuildFile; fileRef = 6F0BCB1C19751B380016852A /* AutoLayoutHelper.swift */; };
		6F0BCB1F19751B760016852A /* MainViewController.swift in Sources */ = {isa = PBXBuildFile; fileRef = 6F0BCB1E19751B760016852A /* MainViewController.swift */; };
		6F3D6DD3198CBBA4008CBD37 /* ObservationHelper.swift in Sources */ = {isa = PBXBuildFile; fileRef = 6F3D6DD2198CBBA4008CBD37 /* ObservationHelper.swift */; };
		6F482D121977ABBA00A0C0FA /* Defines.swift in Sources */ = {isa = PBXBuildFile; fileRef = 6F482D111977ABBA00A0C0FA /* Defines.swift */; };
		6FBD74B5197A85D000667622 /* TextDocument.swift in Sources */ = {isa = PBXBuildFile; fileRef = 6FBD74B4197A85D000667622 /* TextDocument.swift */; };
/* End PBXBuildFile section */

/* Begin PBXContainerItemProxy section */
		6F0BCB0D19751AEF0016852A /* PBXContainerItemProxy */ = {
			isa = PBXContainerItemProxy;
			containerPortal = 6F0BCAF719751AEF0016852A /* Project object */;
			proxyType = 1;
			remoteGlobalIDString = 6F0BCAFE19751AEF0016852A;
			remoteInfo = Take;
		};
/* End PBXContainerItemProxy section */

/* Begin PBXFileReference section */
		6F0674CF1981561500C5EED0 /* DocCollectionViewController.swift */ = {isa = PBXFileReference; fileEncoding = 4; lastKnownFileType = sourcecode.swift; path = DocCollectionViewController.swift; sourceTree = "<group>"; };
		6F0B3E3C1978F25D006DB765 /* ICloudManager.swift */ = {isa = PBXFileReference; fileEncoding = 4; lastKnownFileType = sourcecode.swift; name = ICloudManager.swift; path = Model/ICloudManager.swift; sourceTree = "<group>"; };
		6F0B3E3E1978FA59006DB765 /* DocumentsManager.swift */ = {isa = PBXFileReference; fileEncoding = 4; lastKnownFileType = sourcecode.swift; name = DocumentsManager.swift; path = Model/DocumentsManager.swift; sourceTree = "<group>"; };
		6F0B3E42197925FE006DB765 /* TextEditorViewController.swift */ = {isa = PBXFileReference; fileEncoding = 4; lastKnownFileType = sourcecode.swift; path = TextEditorViewController.swift; sourceTree = "<group>"; };
		6F0BCAFF19751AEF0016852A /* Take.app */ = {isa = PBXFileReference; explicitFileType = wrapper.application; includeInIndex = 0; path = Take.app; sourceTree = BUILT_PRODUCTS_DIR; };
		6F0BCB0319751AEF0016852A /* Info.plist */ = {isa = PBXFileReference; lastKnownFileType = text.plist.xml; path = Info.plist; sourceTree = "<group>"; };
		6F0BCB0419751AEF0016852A /* AppDelegate.swift */ = {isa = PBXFileReference; lastKnownFileType = sourcecode.swift; path = AppDelegate.swift; sourceTree = "<group>"; };
		6F0BCB0619751AEF0016852A /* Images.xcassets */ = {isa = PBXFileReference; lastKnownFileType = folder.assetcatalog; path = Images.xcassets; sourceTree = "<group>"; };
		6F0BCB0C19751AEF0016852A /* TakeTests.xctest */ = {isa = PBXFileReference; explicitFileType = wrapper.cfbundle; includeInIndex = 0; path = TakeTests.xctest; sourceTree = BUILT_PRODUCTS_DIR; };
		6F0BCB1119751AEF0016852A /* Info.plist */ = {isa = PBXFileReference; lastKnownFileType = text.plist.xml; path = Info.plist; sourceTree = "<group>"; };
		6F0BCB1219751AEF0016852A /* TakeTests.swift */ = {isa = PBXFileReference; lastKnownFileType = sourcecode.swift; path = TakeTests.swift; sourceTree = "<group>"; };
		6F0BCB1C19751B380016852A /* AutoLayoutHelper.swift */ = {isa = PBXFileReference; fileEncoding = 4; lastKnownFileType = sourcecode.swift; path = AutoLayoutHelper.swift; sourceTree = "<group>"; };
		6F0BCB1E19751B760016852A /* MainViewController.swift */ = {isa = PBXFileReference; fileEncoding = 4; lastKnownFileType = sourcecode.swift; path = MainViewController.swift; sourceTree = "<group>"; };
		6F3D6DD2198CBBA4008CBD37 /* ObservationHelper.swift */ = {isa = PBXFileReference; fileEncoding = 4; lastKnownFileType = sourcecode.swift; path = ObservationHelper.swift; sourceTree = "<group>"; };
		6F482D111977ABBA00A0C0FA /* Defines.swift */ = {isa = PBXFileReference; fileEncoding = 4; lastKnownFileType = sourcecode.swift; path = Defines.swift; sourceTree = "<group>"; };
		6FBD74B4197A85D000667622 /* TextDocument.swift */ = {isa = PBXFileReference; fileEncoding = 4; lastKnownFileType = sourcecode.swift; name = TextDocument.swift; path = Model/TextDocument.swift; sourceTree = "<group>"; };
/* End PBXFileReference section */

/* Begin PBXFrameworksBuildPhase section */
		6F0BCAFC19751AEF0016852A /* Frameworks */ = {
			isa = PBXFrameworksBuildPhase;
			buildActionMask = 2147483647;
			files = (
			);
			runOnlyForDeploymentPostprocessing = 0;
		};
		6F0BCB0919751AEF0016852A /* Frameworks */ = {
			isa = PBXFrameworksBuildPhase;
			buildActionMask = 2147483647;
			files = (
			);
			runOnlyForDeploymentPostprocessing = 0;
		};
/* End PBXFrameworksBuildPhase section */

/* Begin PBXGroup section */
		6F0B3E3B1978F251006DB765 /* Model */ = {
			isa = PBXGroup;
			children = (
				6F0B3E3C1978F25D006DB765 /* ICloudManager.swift */,
				6F0B3E3E1978FA59006DB765 /* DocumentsManager.swift */,
				6FBD74B4197A85D000667622 /* TextDocument.swift */,
			);
			name = Model;
			sourceTree = "<group>";
		};
		6F0BCAF619751AEF0016852A = {
			isa = PBXGroup;
			children = (
				6F0BCB0119751AEF0016852A /* Take */,
				6F0BCB0F19751AEF0016852A /* TakeTests */,
				6F0BCB0019751AEF0016852A /* Products */,
			);
			sourceTree = "<group>";
		};
		6F0BCB0019751AEF0016852A /* Products */ = {
			isa = PBXGroup;
			children = (
				6F0BCAFF19751AEF0016852A /* Take.app */,
				6F0BCB0C19751AEF0016852A /* TakeTests.xctest */,
			);
			name = Products;
			sourceTree = "<group>";
		};
		6F0BCB0119751AEF0016852A /* Take */ = {
			isa = PBXGroup;
			children = (
				6F0B3E3B1978F251006DB765 /* Model */,
				6F482D111977ABBA00A0C0FA /* Defines.swift */,
				6F0BCB1C19751B380016852A /* AutoLayoutHelper.swift */,
				6F0BCB0419751AEF0016852A /* AppDelegate.swift */,
				6F0BCB0619751AEF0016852A /* Images.xcassets */,
				6F0BCB0219751AEF0016852A /* Supporting Files */,
				6F0BCB1E19751B760016852A /* MainViewController.swift */,
				6F0B3E42197925FE006DB765 /* TextEditorViewController.swift */,
				6F0674CF1981561500C5EED0 /* DocCollectionViewController.swift */,
				6F3D6DD2198CBBA4008CBD37 /* ObservationHelper.swift */,
			);
			path = Take;
			sourceTree = "<group>";
		};
		6F0BCB0219751AEF0016852A /* Supporting Files */ = {
			isa = PBXGroup;
			children = (
				6F0BCB0319751AEF0016852A /* Info.plist */,
			);
			name = "Supporting Files";
			sourceTree = "<group>";
		};
		6F0BCB0F19751AEF0016852A /* TakeTests */ = {
			isa = PBXGroup;
			children = (
				6F0BCB1219751AEF0016852A /* TakeTests.swift */,
				6F0BCB1019751AEF0016852A /* Supporting Files */,
			);
			path = TakeTests;
			sourceTree = "<group>";
		};
		6F0BCB1019751AEF0016852A /* Supporting Files */ = {
			isa = PBXGroup;
			children = (
				6F0BCB1119751AEF0016852A /* Info.plist */,
			);
			name = "Supporting Files";
			sourceTree = "<group>";
		};
/* End PBXGroup section */

/* Begin PBXNativeTarget section */
		6F0BCAFE19751AEF0016852A /* Take */ = {
			isa = PBXNativeTarget;
			buildConfigurationList = 6F0BCB1619751AEF0016852A /* Build configuration list for PBXNativeTarget "Take" */;
			buildPhases = (
				6F0BCAFB19751AEF0016852A /* Sources */,
				6F0BCAFC19751AEF0016852A /* Frameworks */,
				6F0BCAFD19751AEF0016852A /* Resources */,
			);
			buildRules = (
			);
			dependencies = (
			);
			name = Take;
			productName = Take;
			productReference = 6F0BCAFF19751AEF0016852A /* Take.app */;
			productType = "com.apple.product-type.application";
		};
		6F0BCB0B19751AEF0016852A /* TakeTests */ = {
			isa = PBXNativeTarget;
			buildConfigurationList = 6F0BCB1919751AEF0016852A /* Build configuration list for PBXNativeTarget "TakeTests" */;
			buildPhases = (
				6F0BCB0819751AEF0016852A /* Sources */,
				6F0BCB0919751AEF0016852A /* Frameworks */,
				6F0BCB0A19751AEF0016852A /* Resources */,
			);
			buildRules = (
			);
			dependencies = (
				6F0BCB0E19751AEF0016852A /* PBXTargetDependency */,
			);
			name = TakeTests;
			productName = TakeTests;
			productReference = 6F0BCB0C19751AEF0016852A /* TakeTests.xctest */;
			productType = "com.apple.product-type.bundle.unit-test";
		};
/* End PBXNativeTarget section */

/* Begin PBXProject section */
		6F0BCAF719751AEF0016852A /* Project object */ = {
			isa = PBXProject;
			attributes = {
				LastUpgradeCheck = 0600;
				ORGANIZATIONNAME = "Roopesh Chander";
				TargetAttributes = {
					6F0BCAFE19751AEF0016852A = {
						CreatedOnToolsVersion = 6.0;
					};
					6F0BCB0B19751AEF0016852A = {
						CreatedOnToolsVersion = 6.0;
						TestTargetID = 6F0BCAFE19751AEF0016852A;
					};
				};
			};
			buildConfigurationList = 6F0BCAFA19751AEF0016852A /* Build configuration list for PBXProject "Take" */;
			compatibilityVersion = "Xcode 3.2";
			developmentRegion = English;
			hasScannedForEncodings = 0;
			knownRegions = (
				en,
			);
			mainGroup = 6F0BCAF619751AEF0016852A;
			productRefGroup = 6F0BCB0019751AEF0016852A /* Products */;
			projectDirPath = "";
			projectRoot = "";
			targets = (
				6F0BCAFE19751AEF0016852A /* Take */,
				6F0BCB0B19751AEF0016852A /* TakeTests */,
			);
		};
/* End PBXProject section */

/* Begin PBXResourcesBuildPhase section */
		6F0BCAFD19751AEF0016852A /* Resources */ = {
			isa = PBXResourcesBuildPhase;
			buildActionMask = 2147483647;
			files = (
				6F0BCB0719751AEF0016852A /* Images.xcassets in Resources */,
			);
			runOnlyForDeploymentPostprocessing = 0;
		};
		6F0BCB0A19751AEF0016852A /* Resources */ = {
			isa = PBXResourcesBuildPhase;
			buildActionMask = 2147483647;
			files = (
			);
			runOnlyForDeploymentPostprocessing = 0;
		};
/* End PBXResourcesBuildPhase section */

/* Begin PBXSourcesBuildPhase section */
		6F0BCAFB19751AEF0016852A /* Sources */ = {
			isa = PBXSourcesBuildPhase;
			buildActionMask = 2147483647;
			files = (
				6F0BCB1F19751B760016852A /* MainViewController.swift in Sources */,
				6FBD74B5197A85D000667622 /* TextDocument.swift in Sources */,
				6F0BCB1D19751B380016852A /* AutoLayoutHelper.swift in Sources */,
				6F0B3E43197925FE006DB765 /* TextEditorViewController.swift in Sources */,
				6F3D6DD3198CBBA4008CBD37 /* ObservationHelper.swift in Sources */,
				6F0B3E3F1978FA59006DB765 /* DocumentsManager.swift in Sources */,
				6F0BCB0519751AEF0016852A /* AppDelegate.swift in Sources */,
				6F482D121977ABBA00A0C0FA /* Defines.swift in Sources */,
				6F0B3E3D1978F25D006DB765 /* ICloudManager.swift in Sources */,
				6F0674D01981561500C5EED0 /* DocCollectionViewController.swift in Sources */,
			);
			runOnlyForDeploymentPostprocessing = 0;
		};
		6F0BCB0819751AEF0016852A /* Sources */ = {
			isa = PBXSourcesBuildPhase;
			buildActionMask = 2147483647;
			files = (
				6F0BCB1319751AEF0016852A /* TakeTests.swift in Sources */,
			);
			runOnlyForDeploymentPostprocessing = 0;
		};
/* End PBXSourcesBuildPhase section */

/* Begin PBXTargetDependency section */
		6F0BCB0E19751AEF0016852A /* PBXTargetDependency */ = {
			isa = PBXTargetDependency;
			target = 6F0BCAFE19751AEF0016852A /* Take */;
			targetProxy = 6F0BCB0D19751AEF0016852A /* PBXContainerItemProxy */;
		};
/* End PBXTargetDependency section */

/* Begin XCBuildConfiguration section */
		6F0BCB1419751AEF0016852A /* Debug */ = {
			isa = XCBuildConfiguration;
			buildSettings = {
				ALWAYS_SEARCH_USER_PATHS = NO;
				CLANG_CXX_LANGUAGE_STANDARD = "gnu++0x";
				CLANG_CXX_LIBRARY = "libc++";
				CLANG_ENABLE_MODULES = YES;
				CLANG_ENABLE_OBJC_ARC = YES;
				CLANG_WARN_BOOL_CONVERSION = YES;
				CLANG_WARN_CONSTANT_CONVERSION = YES;
				CLANG_WARN_DIRECT_OBJC_ISA_USAGE = YES_ERROR;
				CLANG_WARN_EMPTY_BODY = YES;
				CLANG_WARN_ENUM_CONVERSION = YES;
				CLANG_WARN_INT_CONVERSION = YES;
				CLANG_WARN_OBJC_ROOT_CLASS = YES_ERROR;
				CLANG_WARN_UNREACHABLE_CODE = YES;
				CLANG_WARN__DUPLICATE_METHOD_MATCH = YES;
				"CODE_SIGN_IDENTITY[sdk=iphoneos*]" = "iPhone Developer";
				COPY_PHASE_STRIP = NO;
				ENABLE_STRICT_OBJC_MSGSEND = YES;
				GCC_C_LANGUAGE_STANDARD = gnu99;
				GCC_DYNAMIC_NO_PIC = NO;
				GCC_OPTIMIZATION_LEVEL = 0;
				GCC_PREPROCESSOR_DEFINITIONS = (
					"DEBUG=1",
					"$(inherited)",
				);
				GCC_SYMBOLS_PRIVATE_EXTERN = NO;
				GCC_WARN_64_TO_32_BIT_CONVERSION = YES;
				GCC_WARN_ABOUT_RETURN_TYPE = YES_ERROR;
				GCC_WARN_UNDECLARED_SELECTOR = YES;
				GCC_WARN_UNINITIALIZED_AUTOS = YES_AGGRESSIVE;
				GCC_WARN_UNUSED_FUNCTION = YES;
				GCC_WARN_UNUSED_VARIABLE = YES;
				IPHONEOS_DEPLOYMENT_TARGET = 8.0;
				MTL_ENABLE_DEBUG_INFO = YES;
				ONLY_ACTIVE_ARCH = YES;
				SDKROOT = iphoneos;
				SWIFT_OPTIMIZATION_LEVEL = "-Onone";
				TARGETED_DEVICE_FAMILY = "1,2";
			};
			name = Debug;
		};
		6F0BCB1519751AEF0016852A /* Release */ = {
			isa = XCBuildConfiguration;
			buildSettings = {
				ALWAYS_SEARCH_USER_PATHS = NO;
				CLANG_CXX_LANGUAGE_STANDARD = "gnu++0x";
				CLANG_CXX_LIBRARY = "libc++";
				CLANG_ENABLE_MODULES = YES;
				CLANG_ENABLE_OBJC_ARC = YES;
				CLANG_WARN_BOOL_CONVERSION = YES;
				CLANG_WARN_CONSTANT_CONVERSION = YES;
				CLANG_WARN_DIRECT_OBJC_ISA_USAGE = YES_ERROR;
				CLANG_WARN_EMPTY_BODY = YES;
				CLANG_WARN_ENUM_CONVERSION = YES;
				CLANG_WARN_INT_CONVERSION = YES;
				CLANG_WARN_OBJC_ROOT_CLASS = YES_ERROR;
				CLANG_WARN_UNREACHABLE_CODE = YES;
				CLANG_WARN__DUPLICATE_METHOD_MATCH = YES;
				"CODE_SIGN_IDENTITY[sdk=iphoneos*]" = "iPhone Developer";
				COPY_PHASE_STRIP = YES;
				ENABLE_NS_ASSERTIONS = NO;
				ENABLE_STRICT_OBJC_MSGSEND = YES;
				GCC_C_LANGUAGE_STANDARD = gnu99;
				GCC_WARN_64_TO_32_BIT_CONVERSION = YES;
				GCC_WARN_ABOUT_RETURN_TYPE = YES_ERROR;
				GCC_WARN_UNDECLARED_SELECTOR = YES;
				GCC_WARN_UNINITIALIZED_AUTOS = YES_AGGRESSIVE;
				GCC_WARN_UNUSED_FUNCTION = YES;
				GCC_WARN_UNUSED_VARIABLE = YES;
				IPHONEOS_DEPLOYMENT_TARGET = 8.0;
				MTL_ENABLE_DEBUG_INFO = NO;
				SDKROOT = iphoneos;
				TARGETED_DEVICE_FAMILY = "1,2";
				VALIDATE_PRODUCT = YES;
			};
			name = Release;
		};
		6F0BCB1719751AEF0016852A /* Debug */ = {
			isa = XCBuildConfiguration;
			buildSettings = {
				ASSETCATALOG_COMPILER_APPICON_NAME = AppIcon;
				ASSETCATALOG_COMPILER_LAUNCHIMAGE_NAME = LaunchImage;
				INFOPLIST_FILE = Take/Info.plist;
				LD_RUNPATH_SEARCH_PATHS = "$(inherited) @executable_path/Frameworks";
				PRODUCT_NAME = "$(TARGET_NAME)";
			};
			name = Debug;
		};
		6F0BCB1819751AEF0016852A /* Release */ = {
			isa = XCBuildConfiguration;
			buildSettings = {
				ASSETCATALOG_COMPILER_APPICON_NAME = AppIcon;
				ASSETCATALOG_COMPILER_LAUNCHIMAGE_NAME = LaunchImage;
				INFOPLIST_FILE = Take/Info.plist;
				LD_RUNPATH_SEARCH_PATHS = "$(inherited) @executable_path/Frameworks";
				PRODUCT_NAME = "$(TARGET_NAME)";
			};
			name = Release;
		};
		6F0BCB1A19751AEF0016852A /* Debug */ = {
			isa = XCBuildConfiguration;
			buildSettings = {
				BUNDLE_LOADER = "$(BUILT_PRODUCTS_DIR)/Take.app/Take";
				FRAMEWORK_SEARCH_PATHS = (
					"$(SDKROOT)/Developer/Library/Frameworks",
					"$(inherited)",
				);
				GCC_PREPROCESSOR_DEFINITIONS = (
					"DEBUG=1",
					"$(inherited)",
				);
				INFOPLIST_FILE = TakeTests/Info.plist;
				LD_RUNPATH_SEARCH_PATHS = "$(inherited) @executable_path/Frameworks @loader_path/Frameworks";
				PRODUCT_NAME = "$(TARGET_NAME)";
				TEST_HOST = "$(BUNDLE_LOADER)";
			};
			name = Debug;
		};
		6F0BCB1B19751AEF0016852A /* Release */ = {
			isa = XCBuildConfiguration;
			buildSettings = {
				BUNDLE_LOADER = "$(BUILT_PRODUCTS_DIR)/Take.app/Take";
				FRAMEWORK_SEARCH_PATHS = (
					"$(SDKROOT)/Developer/Library/Frameworks",
					"$(inherited)",
				);
				INFOPLIST_FILE = TakeTests/Info.plist;
				LD_RUNPATH_SEARCH_PATHS = "$(inherited) @executable_path/Frameworks @loader_path/Frameworks";
				PRODUCT_NAME = "$(TARGET_NAME)";
				TEST_HOST = "$(BUNDLE_LOADER)";
			};
			name = Release;
		};
/* End XCBuildConfiguration section */

/* Begin XCConfigurationList section */
		6F0BCAFA19751AEF0016852A /* Build configuration list for PBXProject "Take" */ = {
			isa = XCConfigurationList;
			buildConfigurations = (
				6F0BCB1419751AEF0016852A /* Debug */,
				6F0BCB1519751AEF0016852A /* Release */,
			);
			defaultConfigurationIsVisible = 0;
			defaultConfigurationName = Release;
		};
		6F0BCB1619751AEF0016852A /* Build configuration list for PBXNativeTarget "Take" */ = {
			isa = XCConfigurationList;
			buildConfigurations = (
				6F0BCB1719751AEF0016852A /* Debug */,
				6F0BCB1819751AEF0016852A /* Release */,
			);
			defaultConfigurationIsVisible = 0;
		};
		6F0BCB1919751AEF0016852A /* Build configuration list for PBXNativeTarget "TakeTests" */ = {
			isa = XCConfigurationList;
			buildConfigurations = (
				6F0BCB1A19751AEF0016852A /* Debug */,
				6F0BCB1B19751AEF0016852A /* Release */,
			);
			defaultConfigurationIsVisible = 0;
		};
/* End XCConfigurationList section */
	};
	rootObject = 6F0BCAF719751AEF0016852A /* Project object */;
}
